
Microsoft Visual Studio Solution File, Format Version 12.00
# Visual Studio Version 16
VisualStudioVersion = 16.0.31313.79
MinimumVisualStudioVersion = 10.0.40219.1
Project("{8BC9CEB8-8B4A-11D0-8D11-00A0C91BC942}") = "ScoreRaterImproved", "ScoreRaterImproved\ScoreRaterImproved.vcxproj", "{5963A40E-65BF-47BF-8AE7-7E1BEA3A0F73}"
EndProject
Global
	GlobalSection(SolutionConfigurationPlatforms) = preSolution
		Debug|x64 = Debug|x64
		Debug|x86 = Debug|x86
		Release|x64 = Release|x64
		Release|x86 = Release|x86
	EndGlobalSection
	GlobalSection(ProjectConfigurationPlatforms) = postSolution
		{5963A40E-65BF-47BF-8AE7-7E1BEA3A0F73}.Debug|x64.ActiveCfg = Debug|x64
		{5963A40E-65BF-47BF-8AE7-7E1BEA3A0F73}.Debug|x64.Build.0 = Debug|x64
		{5963A40E-65BF-47BF-8AE7-7E1BEA3A0F73}.Debug|x86.ActiveCfg = Debug|Win32
		{5963A40E-65BF-47BF-8AE7-7E1BEA3A0F73}.Debug|x86.Build.0 = Debug|Win32
		{5963A40E-65BF-47BF-8AE7-7E1BEA3A0F73}.Release|x64.ActiveCfg = Release|x64
		{5963A40E-65BF-47BF-8AE7-7E1BEA3A0F73}.Release|x64.Build.0 = Release|x64
		{5963A40E-65BF-47BF-8AE7-7E1BEA3A0F73}.Release|x86.ActiveCfg = Release|Win32
		{5963A40E-65BF-47BF-8AE7-7E1BEA3A0F73}.Release|x86.Build.0 = Release|Win32
	EndGlobalSection
	GlobalSection(SolutionProperties) = preSolution
		HideSolutionNode = FALSE
	EndGlobalSection
	GlobalSection(ExtensibilityGlobals) = postSolution
		SolutionGuid = {B8A4E146-50F8-4CB0-A511-B45A346139FA}
	EndGlobalSection
EndGlobal
